// !$*UTF8*$!
{
	archiveVersion = 1;
	classes = {
	};
	objectVersion = 50;
	objects = {

/* Begin PBXBuildFile section */
		862059BA2445308500A4E78D /* ArcadeViewController.swift in Sources */ = {isa = PBXBuildFile; fileRef = 862059B92445308500A4E78D /* ArcadeViewController.swift */; };
		8642C1132444A3A600A52CFF /* AppDelegate.swift in Sources */ = {isa = PBXBuildFile; fileRef = 8642C1122444A3A600A52CFF /* AppDelegate.swift */; };
		8642C1152444A3A600A52CFF /* SceneDelegate.swift in Sources */ = {isa = PBXBuildFile; fileRef = 8642C1142444A3A600A52CFF /* SceneDelegate.swift */; };
		8642C1172444A3A600A52CFF /* MainViewController.swift in Sources */ = {isa = PBXBuildFile; fileRef = 8642C1162444A3A600A52CFF /* MainViewController.swift */; };
		8642C11A2444A3A600A52CFF /* Main.storyboard in Resources */ = {isa = PBXBuildFile; fileRef = 8642C1182444A3A600A52CFF /* Main.storyboard */; };
		8642C11C2444A3A800A52CFF /* Assets.xcassets in Resources */ = {isa = PBXBuildFile; fileRef = 8642C11B2444A3A800A52CFF /* Assets.xcassets */; };
		8642C11F2444A3A800A52CFF /* LaunchScreen.storyboard in Resources */ = {isa = PBXBuildFile; fileRef = 8642C11D2444A3A800A52CFF /* LaunchScreen.storyboard */; };
		8642C12B2444B45D00A52CFF /* MenuViewController.swift in Sources */ = {isa = PBXBuildFile; fileRef = 8642C12A2444B45D00A52CFF /* MenuViewController.swift */; };
		8642C12F2444B4CD00A52CFF /* BrainStormViewController.swift in Sources */ = {isa = PBXBuildFile; fileRef = 8642C12E2444B4CD00A52CFF /* BrainStormViewController.swift */; };
		8642C1332444B5B100A52CFF /* StudyViewController.swift in Sources */ = {isa = PBXBuildFile; fileRef = 8642C1322444B5B100A52CFF /* StudyViewController.swift */; };
		864EAAA324460D6600015CDA /* ConcentrationViewController.swift in Sources */ = {isa = PBXBuildFile; fileRef = 864EAAA224460D6600015CDA /* ConcentrationViewController.swift */; };
		864EAAA72446125B00015CDA /* Cards.swift in Sources */ = {isa = PBXBuildFile; fileRef = 864EAAA62446125B00015CDA /* Cards.swift */; };
		864EAAA92446127100015CDA /* Concentration.swift in Sources */ = {isa = PBXBuildFile; fileRef = 864EAAA82446127100015CDA /* Concentration.swift */; };
		864EAAAD2446129A00015CDA /* Theme.swift in Sources */ = {isa = PBXBuildFile; fileRef = 864EAAAC2446129A00015CDA /* Theme.swift */; };
/* End PBXBuildFile section */

/* Begin PBXFileReference section */
		862059B92445308500A4E78D /* ArcadeViewController.swift */ = {isa = PBXFileReference; lastKnownFileType = sourcecode.swift; path = ArcadeViewController.swift; sourceTree = "<group>"; };
		8642C10F2444A3A600A52CFF /* BrainStorm.app */ = {isa = PBXFileReference; explicitFileType = wrapper.application; includeInIndex = 0; path = BrainStorm.app; sourceTree = BUILT_PRODUCTS_DIR; };
		8642C1122444A3A600A52CFF /* AppDelegate.swift */ = {isa = PBXFileReference; lastKnownFileType = sourcecode.swift; path = AppDelegate.swift; sourceTree = "<group>"; };
		8642C1142444A3A600A52CFF /* SceneDelegate.swift */ = {isa = PBXFileReference; lastKnownFileType = sourcecode.swift; path = SceneDelegate.swift; sourceTree = "<group>"; };
		8642C1162444A3A600A52CFF /* MainViewController.swift */ = {isa = PBXFileReference; lastKnownFileType = sourcecode.swift; path = MainViewController.swift; sourceTree = "<group>"; };
		8642C1192444A3A600A52CFF /* Base */ = {isa = PBXFileReference; lastKnownFileType = file.storyboard; name = Base; path = Base.lproj/Main.storyboard; sourceTree = "<group>"; };
		8642C11B2444A3A800A52CFF /* Assets.xcassets */ = {isa = PBXFileReference; lastKnownFileType = folder.assetcatalog; path = Assets.xcassets; sourceTree = "<group>"; };
		8642C11E2444A3A800A52CFF /* Base */ = {isa = PBXFileReference; lastKnownFileType = file.storyboard; name = Base; path = Base.lproj/LaunchScreen.storyboard; sourceTree = "<group>"; };
		8642C1202444A3A800A52CFF /* Info.plist */ = {isa = PBXFileReference; lastKnownFileType = text.plist.xml; path = Info.plist; sourceTree = "<group>"; };
		8642C12A2444B45D00A52CFF /* MenuViewController.swift */ = {isa = PBXFileReference; lastKnownFileType = sourcecode.swift; path = MenuViewController.swift; sourceTree = "<group>"; };
		8642C12E2444B4CD00A52CFF /* BrainStormViewController.swift */ = {isa = PBXFileReference; lastKnownFileType = sourcecode.swift; path = BrainStormViewController.swift; sourceTree = "<group>"; };
		8642C1322444B5B100A52CFF /* StudyViewController.swift */ = {isa = PBXFileReference; lastKnownFileType = sourcecode.swift; path = StudyViewController.swift; sourceTree = "<group>"; };
		864EAAA224460D6600015CDA /* ConcentrationViewController.swift */ = {isa = PBXFileReference; lastKnownFileType = sourcecode.swift; path = ConcentrationViewController.swift; sourceTree = "<group>"; };
		864EAAA62446125B00015CDA /* Cards.swift */ = {isa = PBXFileReference; lastKnownFileType = sourcecode.swift; path = Cards.swift; sourceTree = "<group>"; };
		864EAAA82446127100015CDA /* Concentration.swift */ = {isa = PBXFileReference; lastKnownFileType = sourcecode.swift; path = Concentration.swift; sourceTree = "<group>"; };
		864EAAAC2446129A00015CDA /* Theme.swift */ = {isa = PBXFileReference; lastKnownFileType = sourcecode.swift; path = Theme.swift; sourceTree = "<group>"; };
/* End PBXFileReference section */

/* Begin PBXFrameworksBuildPhase section */
		8642C10C2444A3A600A52CFF /* Frameworks */ = {
			isa = PBXFrameworksBuildPhase;
			buildActionMask = 2147483647;
			files = (
			);
			runOnlyForDeploymentPostprocessing = 0;
		};
/* End PBXFrameworksBuildPhase section */

/* Begin PBXGroup section */
		862059AE24452C9100A4E78D /* Game */ = {
			isa = PBXGroup;
			children = (
				864EAAA024460D1200015CDA /* ControllerForScreenGame */,
			);
			path = Game;
			sourceTree = "<group>";
		};
		862059B124452D5800A4E78D /* MainController */ = {
			isa = PBXGroup;
			children = (
				8642C1162444A3A600A52CFF /* MainViewController.swift */,
			);
			path = MainController;
			sourceTree = "<group>";
		};
		862059B224452D6100A4E78D /* MenuController */ = {
			isa = PBXGroup;
			children = (
				8642C12A2444B45D00A52CFF /* MenuViewController.swift */,
			);
			path = MenuController;
			sourceTree = "<group>";
		};
		862059B324452D6800A4E78D /* ArcadeSceneController */ = {
			isa = PBXGroup;
			children = (
				862059B92445308500A4E78D /* ArcadeViewController.swift */,
			);
			path = ArcadeSceneController;
			sourceTree = "<group>";
		};
		862059B424452D7000A4E78D /* BrainStormController */ = {
			isa = PBXGroup;
			children = (
				8642C12E2444B4CD00A52CFF /* BrainStormViewController.swift */,
			);
			path = BrainStormController;
			sourceTree = "<group>";
		};
		862059B624452D8800A4E78D /* StudyController */ = {
			isa = PBXGroup;
			children = (
				8642C1322444B5B100A52CFF /* StudyViewController.swift */,
			);
			path = StudyController;
			sourceTree = "<group>";
		};
		8642C1062444A3A600A52CFF = {
			isa = PBXGroup;
			children = (
				8642C1112444A3A600A52CFF /* BrainStorm */,
				8642C1102444A3A600A52CFF /* Products */,
			);
			sourceTree = "<group>";
		};
		8642C1102444A3A600A52CFF /* Products */ = {
			isa = PBXGroup;
			children = (
				8642C10F2444A3A600A52CFF /* BrainStorm.app */,
			);
			name = Products;
			sourceTree = "<group>";
		};
		8642C1112444A3A600A52CFF /* BrainStorm */ = {
			isa = PBXGroup;
			children = (
				8642C1262444A8E700A52CFF /* Supporting files */,
				8642C1292444A90A00A52CFF /* Model */,
				8642C1272444A8F500A52CFF /* Controller */,
				8642C1282444A8FF00A52CFF /* View */,
				8642C1202444A3A800A52CFF /* Info.plist */,
			);
			path = BrainStorm;
			sourceTree = "<group>";
		};
		8642C1262444A8E700A52CFF /* Supporting files */ = {
			isa = PBXGroup;
			children = (
				8642C1122444A3A600A52CFF /* AppDelegate.swift */,
				8642C1142444A3A600A52CFF /* SceneDelegate.swift */,
				8642C11B2444A3A800A52CFF /* Assets.xcassets */,
				8642C11D2444A3A800A52CFF /* LaunchScreen.storyboard */,
			);
			path = "Supporting files";
			sourceTree = "<group>";
		};
		8642C1272444A8F500A52CFF /* Controller */ = {
			isa = PBXGroup;
			children = (
				864EAAAF2446154E00015CDA /* ContreollerForPath */,
				862059AE24452C9100A4E78D /* Game */,
				862059B324452D6800A4E78D /* ArcadeSceneController */,
				862059B624452D8800A4E78D /* StudyController */,
				862059B424452D7000A4E78D /* BrainStormController */,
			);
			path = Controller;
			sourceTree = "<group>";
		};
		8642C1282444A8FF00A52CFF /* View */ = {
			isa = PBXGroup;
			children = (
				864EAAAA2446128600015CDA /* Utils */,
				8642C1182444A3A600A52CFF /* Main.storyboard */,
			);
			path = View;
			sourceTree = "<group>";
		};
		8642C1292444A90A00A52CFF /* Model */ = {
			isa = PBXGroup;
			children = (
				864EAAA52446123700015CDA /* Concentration */,
			);
			path = Model;
			sourceTree = "<group>";
		};
		864EAAA024460D1200015CDA /* ControllerForScreenGame */ = {
			isa = PBXGroup;
			children = (
				864EAAA224460D6600015CDA /* ConcentrationViewController.swift */,
			);
			path = ControllerForScreenGame;
			sourceTree = "<group>";
		};
		864EAAA42446122F00015CDA /* Cards */ = {
			isa = PBXGroup;
			children = (
				864EAAA62446125B00015CDA /* Cards.swift */,
				864EAAA82446127100015CDA /* Concentration.swift */,
			);
			path = Cards;
			sourceTree = "<group>";
		};
		864EAAA52446123700015CDA /* Concentration */ = {
			isa = PBXGroup;
			children = (
				864EAAA42446122F00015CDA /* Cards */,
			);
			path = Concentration;
			sourceTree = "<group>";
		};
		864EAAAA2446128600015CDA /* Utils */ = {
			isa = PBXGroup;
			children = (
				864EAAAB2446128D00015CDA /* Theme */,
			);
			path = Utils;
			sourceTree = "<group>";
		};
		864EAAAB2446128D00015CDA /* Theme */ = {
			isa = PBXGroup;
			children = (
				864EAAAC2446129A00015CDA /* Theme.swift */,
			);
			path = Theme;
			sourceTree = "<group>";
		};
		864EAAAF2446154E00015CDA /* ContreollerForPath */ = {
			isa = PBXGroup;
			children = (
				862059B124452D5800A4E78D /* MainController */,
				862059B224452D6100A4E78D /* MenuController */,
			);
			path = ContreollerForPath;
			sourceTree = "<group>";
		};
/* End PBXGroup section */

/* Begin PBXNativeTarget section */
		8642C10E2444A3A600A52CFF /* BrainStorm */ = {
			isa = PBXNativeTarget;
			buildConfigurationList = 8642C1232444A3A800A52CFF /* Build configuration list for PBXNativeTarget "BrainStorm" */;
			buildPhases = (
				8642C10B2444A3A600A52CFF /* Sources */,
				8642C10C2444A3A600A52CFF /* Frameworks */,
				8642C10D2444A3A600A52CFF /* Resources */,
			);
			buildRules = (
			);
			dependencies = (
			);
			name = BrainStorm;
			productName = BrainStorm;
			productReference = 8642C10F2444A3A600A52CFF /* BrainStorm.app */;
			productType = "com.apple.product-type.application";
		};
/* End PBXNativeTarget section */

/* Begin PBXProject section */
		8642C1072444A3A600A52CFF /* Project object */ = {
			isa = PBXProject;
			attributes = {
				LastSwiftUpdateCheck = 1140;
				LastUpgradeCheck = 1140;
				ORGANIZATIONNAME = "Артем Устинов";
				TargetAttributes = {
					8642C10E2444A3A600A52CFF = {
						CreatedOnToolsVersion = 11.4;
					};
				};
			};
			buildConfigurationList = 8642C10A2444A3A600A52CFF /* Build configuration list for PBXProject "BrainStorm" */;
			compatibilityVersion = "Xcode 9.3";
			developmentRegion = en;
			hasScannedForEncodings = 0;
			knownRegions = (
				en,
				Base,
			);
			mainGroup = 8642C1062444A3A600A52CFF;
			productRefGroup = 8642C1102444A3A600A52CFF /* Products */;
			projectDirPath = "";
			projectRoot = "";
			targets = (
				8642C10E2444A3A600A52CFF /* BrainStorm */,
			);
		};
/* End PBXProject section */

/* Begin PBXResourcesBuildPhase section */
		8642C10D2444A3A600A52CFF /* Resources */ = {
			isa = PBXResourcesBuildPhase;
			buildActionMask = 2147483647;
			files = (
				8642C11F2444A3A800A52CFF /* LaunchScreen.storyboard in Resources */,
				8642C11C2444A3A800A52CFF /* Assets.xcassets in Resources */,
				8642C11A2444A3A600A52CFF /* Main.storyboard in Resources */,
			);
			runOnlyForDeploymentPostprocessing = 0;
		};
/* End PBXResourcesBuildPhase section */

/* Begin PBXSourcesBuildPhase section */
		8642C10B2444A3A600A52CFF /* Sources */ = {
			isa = PBXSourcesBuildPhase;
			buildActionMask = 2147483647;
			files = (
				864EAAA92446127100015CDA /* Concentration.swift in Sources */,
				8642C1172444A3A600A52CFF /* MainViewController.swift in Sources */,
				8642C12F2444B4CD00A52CFF /* BrainStormViewController.swift in Sources */,
				864EAAA324460D6600015CDA /* ConcentrationViewController.swift in Sources */,
				8642C1132444A3A600A52CFF /* AppDelegate.swift in Sources */,
				864EAAA72446125B00015CDA /* Cards.swift in Sources */,
				862059BA2445308500A4E78D /* ArcadeViewController.swift in Sources */,
				8642C1332444B5B100A52CFF /* StudyViewController.swift in Sources */,
				864EAAAD2446129A00015CDA /* Theme.swift in Sources */,
				8642C1152444A3A600A52CFF /* SceneDelegate.swift in Sources */,
				8642C12B2444B45D00A52CFF /* MenuViewController.swift in Sources */,
			);
			runOnlyForDeploymentPostprocessing = 0;
		};
/* End PBXSourcesBuildPhase section */

/* Begin PBXVariantGroup section */
		8642C1182444A3A600A52CFF /* Main.storyboard */ = {
			isa = PBXVariantGroup;
			children = (
				8642C1192444A3A600A52CFF /* Base */,
			);
			name = Main.storyboard;
			sourceTree = "<group>";
		};
		8642C11D2444A3A800A52CFF /* LaunchScreen.storyboard */ = {
			isa = PBXVariantGroup;
			children = (
				8642C11E2444A3A800A52CFF /* Base */,
			);
			name = LaunchScreen.storyboard;
			sourceTree = "<group>";
		};
/* End PBXVariantGroup section */

/* Begin XCBuildConfiguration section */
		8642C1212444A3A800A52CFF /* Debug */ = {
			isa = XCBuildConfiguration;
			buildSettings = {
				ALWAYS_SEARCH_USER_PATHS = NO;
				CLANG_ANALYZER_NONNULL = YES;
				CLANG_ANALYZER_NUMBER_OBJECT_CONVERSION = YES_AGGRESSIVE;
				CLANG_CXX_LANGUAGE_STANDARD = "gnu++14";
				CLANG_CXX_LIBRARY = "libc++";
				CLANG_ENABLE_MODULES = YES;
				CLANG_ENABLE_OBJC_ARC = YES;
				CLANG_ENABLE_OBJC_WEAK = YES;
				CLANG_WARN_BLOCK_CAPTURE_AUTORELEASING = YES;
				CLANG_WARN_BOOL_CONVERSION = YES;
				CLANG_WARN_COMMA = YES;
				CLANG_WARN_CONSTANT_CONVERSION = YES;
				CLANG_WARN_DEPRECATED_OBJC_IMPLEMENTATIONS = YES;
				CLANG_WARN_DIRECT_OBJC_ISA_USAGE = YES_ERROR;
				CLANG_WARN_DOCUMENTATION_COMMENTS = YES;
				CLANG_WARN_EMPTY_BODY = YES;
				CLANG_WARN_ENUM_CONVERSION = YES;
				CLANG_WARN_INFINITE_RECURSION = YES;
				CLANG_WARN_INT_CONVERSION = YES;
				CLANG_WARN_NON_LITERAL_NULL_CONVERSION = YES;
				CLANG_WARN_OBJC_IMPLICIT_RETAIN_SELF = YES;
				CLANG_WARN_OBJC_LITERAL_CONVERSION = YES;
				CLANG_WARN_OBJC_ROOT_CLASS = YES_ERROR;
				CLANG_WARN_RANGE_LOOP_ANALYSIS = YES;
				CLANG_WARN_STRICT_PROTOTYPES = YES;
				CLANG_WARN_SUSPICIOUS_MOVE = YES;
				CLANG_WARN_UNGUARDED_AVAILABILITY = YES_AGGRESSIVE;
				CLANG_WARN_UNREACHABLE_CODE = YES;
				CLANG_WARN__DUPLICATE_METHOD_MATCH = YES;
				COPY_PHASE_STRIP = NO;
				DEBUG_INFORMATION_FORMAT = dwarf;
				ENABLE_STRICT_OBJC_MSGSEND = YES;
				ENABLE_TESTABILITY = YES;
				GCC_C_LANGUAGE_STANDARD = gnu11;
				GCC_DYNAMIC_NO_PIC = NO;
				GCC_NO_COMMON_BLOCKS = YES;
				GCC_OPTIMIZATION_LEVEL = 0;
				GCC_PREPROCESSOR_DEFINITIONS = (
					"DEBUG=1",
					"$(inherited)",
				);
				GCC_WARN_64_TO_32_BIT_CONVERSION = YES;
				GCC_WARN_ABOUT_RETURN_TYPE = YES_ERROR;
				GCC_WARN_UNDECLARED_SELECTOR = YES;
				GCC_WARN_UNINITIALIZED_AUTOS = YES_AGGRESSIVE;
				GCC_WARN_UNUSED_FUNCTION = YES;
				GCC_WARN_UNUSED_VARIABLE = YES;
				IPHONEOS_DEPLOYMENT_TARGET = 13.4;
				MTL_ENABLE_DEBUG_INFO = INCLUDE_SOURCE;
				MTL_FAST_MATH = YES;
				ONLY_ACTIVE_ARCH = YES;
				SDKROOT = iphoneos;
				SWIFT_ACTIVE_COMPILATION_CONDITIONS = DEBUG;
				SWIFT_OPTIMIZATION_LEVEL = "-Onone";
			};
			name = Debug;
		};
		8642C1222444A3A800A52CFF /* Release */ = {
			isa = XCBuildConfiguration;
			buildSettings = {
				ALWAYS_SEARCH_USER_PATHS = NO;
				CLANG_ANALYZER_NONNULL = YES;
				CLANG_ANALYZER_NUMBER_OBJECT_CONVERSION = YES_AGGRESSIVE;
				CLANG_CXX_LANGUAGE_STANDARD = "gnu++14";
				CLANG_CXX_LIBRARY = "libc++";
				CLANG_ENABLE_MODULES = YES;
				CLANG_ENABLE_OBJC_ARC = YES;
				CLANG_ENABLE_OBJC_WEAK = YES;
				CLANG_WARN_BLOCK_CAPTURE_AUTORELEASING = YES;
				CLANG_WARN_BOOL_CONVERSION = YES;
				CLANG_WARN_COMMA = YES;
				CLANG_WARN_CONSTANT_CONVERSION = YES;
				CLANG_WARN_DEPRECATED_OBJC_IMPLEMENTATIONS = YES;
				CLANG_WARN_DIRECT_OBJC_ISA_USAGE = YES_ERROR;
				CLANG_WARN_DOCUMENTATION_COMMENTS = YES;
				CLANG_WARN_EMPTY_BODY = YES;
				CLANG_WARN_ENUM_CONVERSION = YES;
				CLANG_WARN_INFINITE_RECURSION = YES;
				CLANG_WARN_INT_CONVERSION = YES;
				CLANG_WARN_NON_LITERAL_NULL_CONVERSION = YES;
				CLANG_WARN_OBJC_IMPLICIT_RETAIN_SELF = YES;
				CLANG_WARN_OBJC_LITERAL_CONVERSION = YES;
				CLANG_WARN_OBJC_ROOT_CLASS = YES_ERROR;
				CLANG_WARN_RANGE_LOOP_ANALYSIS = YES;
				CLANG_WARN_STRICT_PROTOTYPES = YES;
				CLANG_WARN_SUSPICIOUS_MOVE = YES;
				CLANG_WARN_UNGUARDED_AVAILABILITY = YES_AGGRESSIVE;
				CLANG_WARN_UNREACHABLE_CODE = YES;
				CLANG_WARN__DUPLICATE_METHOD_MATCH = YES;
				COPY_PHASE_STRIP = NO;
				DEBUG_INFORMATION_FORMAT = "dwarf-with-dsym";
				ENABLE_NS_ASSERTIONS = NO;
				ENABLE_STRICT_OBJC_MSGSEND = YES;
				GCC_C_LANGUAGE_STANDARD = gnu11;
				GCC_NO_COMMON_BLOCKS = YES;
				GCC_WARN_64_TO_32_BIT_CONVERSION = YES;
				GCC_WARN_ABOUT_RETURN_TYPE = YES_ERROR;
				GCC_WARN_UNDECLARED_SELECTOR = YES;
				GCC_WARN_UNINITIALIZED_AUTOS = YES_AGGRESSIVE;
				GCC_WARN_UNUSED_FUNCTION = YES;
				GCC_WARN_UNUSED_VARIABLE = YES;
				IPHONEOS_DEPLOYMENT_TARGET = 13.4;
				MTL_ENABLE_DEBUG_INFO = NO;
				MTL_FAST_MATH = YES;
				SDKROOT = iphoneos;
				SWIFT_COMPILATION_MODE = wholemodule;
				SWIFT_OPTIMIZATION_LEVEL = "-O";
				VALIDATE_PRODUCT = YES;
			};
			name = Release;
		};
		8642C1242444A3A800A52CFF /* Debug */ = {
			isa = XCBuildConfiguration;
			buildSettings = {
				ASSETCATALOG_COMPILER_APPICON_NAME = AppIcon;
				CODE_SIGN_STYLE = Automatic;
				DEVELOPMENT_TEAM = 9AGMRUUR65;
				INFOPLIST_FILE = BrainStorm/Info.plist;
				LD_RUNPATH_SEARCH_PATHS = (
					"$(inherited)",
					"@executable_path/Frameworks",
				);
				PRODUCT_BUNDLE_IDENTIFIER = astra.BrainStorm;
				PRODUCT_NAME = "$(TARGET_NAME)";
				SWIFT_VERSION = 5.0;
				TARGETED_DEVICE_FAMILY = 1;
			};
			name = Debug;
		};
		8642C1252444A3A800A52CFF /* Release */ = {
			isa = XCBuildConfiguration;
			buildSettings = {
				ASSETCATALOG_COMPILER_APPICON_NAME = AppIcon;
				CODE_SIGN_STYLE = Automatic;
				DEVELOPMENT_TEAM = 9AGMRUUR65;
				INFOPLIST_FILE = BrainStorm/Info.plist;
				LD_RUNPATH_SEARCH_PATHS = (
					"$(inherited)",
					"@executable_path/Frameworks",
				);
				PRODUCT_BUNDLE_IDENTIFIER = astra.BrainStorm;
				PRODUCT_NAME = "$(TARGET_NAME)";
				SWIFT_VERSION = 5.0;
				TARGETED_DEVICE_FAMILY = 1;
			};
			name = Release;
		};
/* End XCBuildConfiguration section */

/* Begin XCConfigurationList section */
		8642C10A2444A3A600A52CFF /* Build configuration list for PBXProject "BrainStorm" */ = {
			isa = XCConfigurationList;
			buildConfigurations = (
				8642C1212444A3A800A52CFF /* Debug */,
				8642C1222444A3A800A52CFF /* Release */,
			);
			defaultConfigurationIsVisible = 0;
			defaultConfigurationName = Release;
		};
		8642C1232444A3A800A52CFF /* Build configuration list for PBXNativeTarget "BrainStorm" */ = {
			isa = XCConfigurationList;
			buildConfigurations = (
				8642C1242444A3A800A52CFF /* Debug */,
				8642C1252444A3A800A52CFF /* Release */,
			);
			defaultConfigurationIsVisible = 0;
			defaultConfigurationName = Release;
		};
/* End XCConfigurationList section */
	};
	rootObject = 8642C1072444A3A600A52CFF /* Project object */;
}
